
Microsoft Visual Studio Solution File, Format Version 12.00
# Visual Studio Version 16
VisualStudioVersion = 16.0.29318.209
MinimumVisualStudioVersion = 10.0.40219.1
Project("{F184B08F-C81C-45F6-A57F-5ABD9991F28F}") = "UF2-M3Ruben", "UF2-M3Ruben\UF2-M3Ruben.vbproj", "{68BD2787-8DF5-465C-A354-F299558AB7C8}"
EndProject
Global
	GlobalSection(SolutionConfigurationPlatforms) = preSolution
		Debug|Any CPU = Debug|Any CPU
		Release|Any CPU = Release|Any CPU
	EndGlobalSection
	GlobalSection(ProjectConfigurationPlatforms) = postSolution
		{68BD2787-8DF5-465C-A354-F299558AB7C8}.Debug|Any CPU.ActiveCfg = Debug|Any CPU
		{68BD2787-8DF5-465C-A354-F299558AB7C8}.Debug|Any CPU.Build.0 = Debug|Any CPU
		{68BD2787-8DF5-465C-A354-F299558AB7C8}.Release|Any CPU.ActiveCfg = Release|Any CPU
		{68BD2787-8DF5-465C-A354-F299558AB7C8}.Release|Any CPU.Build.0 = Release|Any CPU
	EndGlobalSection
	GlobalSection(SolutionProperties) = preSolution
		HideSolutionNode = FALSE
	EndGlobalSection
	GlobalSection(ExtensibilityGlobals) = postSolution
		SolutionGuid = {E169BE04-CD6E-4786-AB8A-9C371866C7FC}
	EndGlobalSection
EndGlobal
